
Microsoft Visual Studio Solution File, Format Version 12.00
Project("{FAE04EC0-301F-11D3-BF4B-00C04F79EFBC}") = "RadioApp", "RadioApp\RadioApp.csproj", "{0794DE93-EDF6-47D3-AD55-0944193A0EB9}"
EndProject
Project("{FAE04EC0-301F-11D3-BF4B-00C04F79EFBC}") = "RadioApp.Common", "RadioApp.Common\RadioApp.Common.csproj", "{CAD45FCA-E15D-49D6-BA99-CFCFA8922CB8}"
EndProject
Project("{FAE04EC0-301F-11D3-BF4B-00C04F79EFBC}") = "RadioApp.Persistence", "RadioApp.Persistence\RadioApp.Persistence.csproj", "{F9070258-CC78-4DCB-85D1-31C15FA445FD}"
EndProject
Project("{FAE04EC0-301F-11D3-BF4B-00C04F79EFBC}") = "RadioApp.Hardware", "RadioApp.Hardware\RadioApp.Hardware.csproj", "{5457FBF5-6CD8-430F-93F0-67A2F3C27DF9}"
EndProject
Project("{FAE04EC0-301F-11D3-BF4B-00C04F79EFBC}") = "RadioApp.Tests", "RadioApp.Tests\RadioApp.Tests.csproj", "{33C76B80-5658-41A2-A2D3-3FFAD711A21C}"
EndProject
Project("{FAE04EC0-301F-11D3-BF4B-00C04F79EFBC}") = "RadioApp.RadioStreaming", "RadioApp.RadioStreaming\RadioApp.RadioStreaming.csproj", "{228FDAD8-AEB8-4E88-A609-F55EC974DC0D}"
EndProject
Global
	GlobalSection(SolutionConfigurationPlatforms) = preSolution
		Debug|Any CPU = Debug|Any CPU
		Release|Any CPU = Release|Any CPU
	EndGlobalSection
	GlobalSection(ProjectConfigurationPlatforms) = postSolution
		{0794DE93-EDF6-47D3-AD55-0944193A0EB9}.Debug|Any CPU.ActiveCfg = Debug|Any CPU
		{0794DE93-EDF6-47D3-AD55-0944193A0EB9}.Debug|Any CPU.Build.0 = Debug|Any CPU
		{0794DE93-EDF6-47D3-AD55-0944193A0EB9}.Release|Any CPU.ActiveCfg = Release|Any CPU
		{0794DE93-EDF6-47D3-AD55-0944193A0EB9}.Release|Any CPU.Build.0 = Release|Any CPU
		{CAD45FCA-E15D-49D6-BA99-CFCFA8922CB8}.Debug|Any CPU.ActiveCfg = Debug|Any CPU
		{CAD45FCA-E15D-49D6-BA99-CFCFA8922CB8}.Debug|Any CPU.Build.0 = Debug|Any CPU
		{CAD45FCA-E15D-49D6-BA99-CFCFA8922CB8}.Release|Any CPU.ActiveCfg = Release|Any CPU
		{CAD45FCA-E15D-49D6-BA99-CFCFA8922CB8}.Release|Any CPU.Build.0 = Release|Any CPU
		{F9070258-CC78-4DCB-85D1-31C15FA445FD}.Debug|Any CPU.ActiveCfg = Debug|Any CPU
		{F9070258-CC78-4DCB-85D1-31C15FA445FD}.Debug|Any CPU.Build.0 = Debug|Any CPU
		{F9070258-CC78-4DCB-85D1-31C15FA445FD}.Release|Any CPU.ActiveCfg = Release|Any CPU
		{F9070258-CC78-4DCB-85D1-31C15FA445FD}.Release|Any CPU.Build.0 = Release|Any CPU
		{5457FBF5-6CD8-430F-93F0-67A2F3C27DF9}.Debug|Any CPU.ActiveCfg = Debug|Any CPU
		{5457FBF5-6CD8-430F-93F0-67A2F3C27DF9}.Debug|Any CPU.Build.0 = Debug|Any CPU
		{5457FBF5-6CD8-430F-93F0-67A2F3C27DF9}.Release|Any CPU.ActiveCfg = Release|Any CPU
		{5457FBF5-6CD8-430F-93F0-67A2F3C27DF9}.Release|Any CPU.Build.0 = Release|Any CPU
		{33C76B80-5658-41A2-A2D3-3FFAD711A21C}.Debug|Any CPU.ActiveCfg = Debug|Any CPU
		{33C76B80-5658-41A2-A2D3-3FFAD711A21C}.Debug|Any CPU.Build.0 = Debug|Any CPU
		{33C76B80-5658-41A2-A2D3-3FFAD711A21C}.Release|Any CPU.ActiveCfg = Release|Any CPU
		{33C76B80-5658-41A2-A2D3-3FFAD711A21C}.Release|Any CPU.Build.0 = Release|Any CPU
		{228FDAD8-AEB8-4E88-A609-F55EC974DC0D}.Debug|Any CPU.ActiveCfg = Debug|Any CPU
		{228FDAD8-AEB8-4E88-A609-F55EC974DC0D}.Debug|Any CPU.Build.0 = Debug|Any CPU
		{228FDAD8-AEB8-4E88-A609-F55EC974DC0D}.Release|Any CPU.ActiveCfg = Release|Any CPU
		{228FDAD8-AEB8-4E88-A609-F55EC974DC0D}.Release|Any CPU.Build.0 = Release|Any CPU
	EndGlobalSection
EndGlobal
